
Microsoft Visual Studio Solution File, Format Version 12.00
# Visual Studio Version 17
VisualStudioVersion = 17.0.31912.275
MinimumVisualStudioVersion = 10.0.40219.1
Project("{FAE04EC0-301F-11D3-BF4B-00C04F79EFBC}") = "Programa_Trainee_VixTeam", "Programa_Trainee_VixTeam\Programa_Trainee_VixTeam.csproj", "{DF126A41-98BC-4D09-80E2-508E40A68465}"
EndProject
Global
	GlobalSection(SolutionConfigurationPlatforms) = preSolution
		Debug|Any CPU = Debug|Any CPU
		Release|Any CPU = Release|Any CPU
	EndGlobalSection
	GlobalSection(ProjectConfigurationPlatforms) = postSolution
		{DF126A41-98BC-4D09-80E2-508E40A68465}.Debug|Any CPU.ActiveCfg = Debug|Any CPU
		{DF126A41-98BC-4D09-80E2-508E40A68465}.Debug|Any CPU.Build.0 = Debug|Any CPU
		{DF126A41-98BC-4D09-80E2-508E40A68465}.Release|Any CPU.ActiveCfg = Release|Any CPU
		{DF126A41-98BC-4D09-80E2-508E40A68465}.Release|Any CPU.Build.0 = Release|Any CPU
	EndGlobalSection
	GlobalSection(SolutionProperties) = preSolution
		HideSolutionNode = FALSE
	EndGlobalSection
	GlobalSection(ExtensibilityGlobals) = postSolution
		SolutionGuid = {BC8AC457-3F28-4100-8D52-678B7996CDC0}
	EndGlobalSection
EndGlobal
